
Microsoft Visual Studio Solution File, Format Version 12.00
# Visual Studio Version 16
VisualStudioVersion = 16.0.30114.105
MinimumVisualStudioVersion = 10.0.40219.1
Project("{8BC9CEB8-8B4A-11D0-8D11-00A0C91BC942}") = "AlignedSkeletonSample", "AlignedSkeletonSample\AlignedSkeletonSample.vcxproj", "{BA9AB67D-ECCD-4011-A353-AE95763313AC}"
EndProject
Global
	GlobalSection(SolutionConfigurationPlatforms) = preSolution
		Debug|x64 = Debug|x64
		Debug|x86 = Debug|x86
		Release|x64 = Release|x64
		Release|x86 = Release|x86
	EndGlobalSection
	GlobalSection(ProjectConfigurationPlatforms) = postSolution
		{BA9AB67D-ECCD-4011-A353-AE95763313AC}.Debug|x64.ActiveCfg = Debug|x64
		{BA9AB67D-ECCD-4011-A353-AE95763313AC}.Debug|x64.Build.0 = Debug|x64
		{BA9AB67D-ECCD-4011-A353-AE95763313AC}.Debug|x86.ActiveCfg = Debug|Win32
		{BA9AB67D-ECCD-4011-A353-AE95763313AC}.Debug|x86.Build.0 = Debug|Win32
		{BA9AB67D-ECCD-4011-A353-AE95763313AC}.Release|x64.ActiveCfg = Release|x64
		{BA9AB67D-ECCD-4011-A353-AE95763313AC}.Release|x64.Build.0 = Release|x64
		{BA9AB67D-ECCD-4011-A353-AE95763313AC}.Release|x86.ActiveCfg = Release|Win32
		{BA9AB67D-ECCD-4011-A353-AE95763313AC}.Release|x86.Build.0 = Release|Win32
	EndGlobalSection
	GlobalSection(SolutionProperties) = preSolution
		HideSolutionNode = FALSE
	EndGlobalSection
	GlobalSection(ExtensibilityGlobals) = postSolution
		SolutionGuid = {E2F8EAF3-EDB4-481F-9F8E-EDA3B8D25348}
	EndGlobalSection
EndGlobal
